
Microsoft Visual Studio Solution File, Format Version 12.00
# Visual Studio Version 17
VisualStudioVersion = 17.3.32929.385
MinimumVisualStudioVersion = 10.0.40219.1
Project("{FAE04EC0-301F-11D3-BF4B-00C04F79EFBC}") = "tarau_damaris_lab2", "tarau_damaris_lab2.csproj", "{7CD70A87-E1FC-4CC6-B518-D74122C8AFA0}"
EndProject
Global
	GlobalSection(SolutionConfigurationPlatforms) = preSolution
		Debug|Any CPU = Debug|Any CPU
		Release|Any CPU = Release|Any CPU
	EndGlobalSection
	GlobalSection(ProjectConfigurationPlatforms) = postSolution
		{7CD70A87-E1FC-4CC6-B518-D74122C8AFA0}.Debug|Any CPU.ActiveCfg = Debug|Any CPU
		{7CD70A87-E1FC-4CC6-B518-D74122C8AFA0}.Debug|Any CPU.Build.0 = Debug|Any CPU
		{7CD70A87-E1FC-4CC6-B518-D74122C8AFA0}.Release|Any CPU.ActiveCfg = Release|Any CPU
		{7CD70A87-E1FC-4CC6-B518-D74122C8AFA0}.Release|Any CPU.Build.0 = Release|Any CPU
	EndGlobalSection
	GlobalSection(SolutionProperties) = preSolution
		HideSolutionNode = FALSE
	EndGlobalSection
	GlobalSection(ExtensibilityGlobals) = postSolution
		SolutionGuid = {7F1A793F-B906-4B79-BE30-C6F103E5891C}
	EndGlobalSection
EndGlobal
